// !$*UTF8*$!
{
	archiveVersion = 1;
	classes = {
	};
	objectVersion = 46;
	objects = {

/* Begin PBXBuildFile section */
		20032E541BE9B07400FFFDB3 /* InfiniteTimerUIEngine.swift in Sources */ = {isa = PBXBuildFile; fileRef = 20032E531BE9B07400FFFDB3 /* InfiniteTimerUIEngine.swift */; };
		20032E5B1BE9B0A800FFFDB3 /* CountDownTimerUIEngine.swift in Sources */ = {isa = PBXBuildFile; fileRef = 20032E5A1BE9B0A800FFFDB3 /* CountDownTimerUIEngine.swift */; };
		20032E5D1BE9B0CD00FFFDB3 /* CountUpTimerUIEngine.swift in Sources */ = {isa = PBXBuildFile; fileRef = 20032E5C1BE9B0CD00FFFDB3 /* CountUpTimerUIEngine.swift */; };
		2005BD1D19E50BAD00843B00 /* Cartography.framework in Frameworks */ = {isa = PBXBuildFile; fileRef = 2005BD1319E50B6800843B00 /* Cartography.framework */; };
		2005BD1E19E50BAD00843B00 /* Cartography.framework in Embed Frameworks */ = {isa = PBXBuildFile; fileRef = 2005BD1319E50B6800843B00 /* Cartography.framework */; settings = {ATTRIBUTES = (CodeSignOnCopy, RemoveHeadersOnCopy, ); }; };
		200D1CEB1BE33FEF00F60F77 /* EngineProxy.swift in Sources */ = {isa = PBXBuildFile; fileRef = 200D1CEA1BE33FEF00F60F77 /* EngineProxy.swift */; };
		20329B7F19C4B834001591F8 /* TickerLabel.swift in Sources */ = {isa = PBXBuildFile; fileRef = 20329B7E19C4B834001591F8 /* TickerLabel.swift */; };
		2035F7681BA6630E00FEDD11 /* Round.swift in Sources */ = {isa = PBXBuildFile; fileRef = 2035F7671BA6630E00FEDD11 /* Round.swift */; };
		2044614D1B2EB52F00B2E767 /* DebateType-copy.plist in Resources */ = {isa = PBXBuildFile; fileRef = 2044614C1B2EB52F00B2E767 /* DebateType-copy.plist */; };
		204C58651BFD8783008D1FF2 /* DefaultRound.swift in Sources */ = {isa = PBXBuildFile; fileRef = 204C58641BFD8783008D1FF2 /* DefaultRound.swift */; };
		20503FA01C01408C00918028 /* RoundCreatorViewController.swift in Sources */ = {isa = PBXBuildFile; fileRef = 20503F9F1C01408C00918028 /* RoundCreatorViewController.swift */; };
		205C661719AD657900E14B30 /* Debate+Round.swift in Sources */ = {isa = PBXBuildFile; fileRef = 205C661619AD657900E14B30 /* Debate+Round.swift */; };
		205C661919AD6C7100E14B30 /* DebateType.plist in Resources */ = {isa = PBXBuildFile; fileRef = 205C661819AD6C7100E14B30 /* DebateType.plist */; };
		2061A90E1BE4AA4700345C49 /* SegmentType.swift in Sources */ = {isa = PBXBuildFile; fileRef = 2061A90D1BE4AA4700345C49 /* SegmentType.swift */; };
		206E8E6E1BAE3F60001E2EA5 /* TimerUIEngineType.swift in Sources */ = {isa = PBXBuildFile; fileRef = 206E8E6D1BAE3F60001E2EA5 /* TimerUIEngineType.swift */; };
		20837FA71BFADEE900D7F23D /* OvertimeUIEngine.swift in Sources */ = {isa = PBXBuildFile; fileRef = 20837FA61BFADEE900D7F23D /* OvertimeUIEngine.swift */; };
		20A73A2A1B2A11BB0088EE4F /* LaunchScreen.storyboard in Resources */ = {isa = PBXBuildFile; fileRef = 20A73A281B2A11BB0088EE4F /* LaunchScreen.storyboard */; };
		20BB1A4F19D2758600568046 /* CircleButton.swift in Sources */ = {isa = PBXBuildFile; fileRef = 20BB1A4E19D2758600568046 /* CircleButton.swift */; };
		20BF4C751B2E46E100AB2F87 /* Din.framework in Frameworks */ = {isa = PBXBuildFile; fileRef = 20BF4C711B2E46D100AB2F87 /* Din.framework */; };
		20BF4C761B2E46E100AB2F87 /* Din.framework in Embed Frameworks */ = {isa = PBXBuildFile; fileRef = 20BF4C711B2E46D100AB2F87 /* Din.framework */; settings = {ATTRIBUTES = (CodeSignOnCopy, RemoveHeadersOnCopy, ); }; };
		20C99B8E19A02E2E00477D3B /* AppDelegate.swift in Sources */ = {isa = PBXBuildFile; fileRef = 20C99B8D19A02E2E00477D3B /* AppDelegate.swift */; };
		20C99B9019A02E2E00477D3B /* ViewController.swift in Sources */ = {isa = PBXBuildFile; fileRef = 20C99B8F19A02E2E00477D3B /* ViewController.swift */; };
		20C99B9519A02E2E00477D3B /* Images.xcassets in Resources */ = {isa = PBXBuildFile; fileRef = 20C99B9419A02E2E00477D3B /* Images.xcassets */; };
		20C99BAB19A02F5A00477D3B /* TickerView.swift in Sources */ = {isa = PBXBuildFile; fileRef = 20C99BAA19A02F5A00477D3B /* TickerView.swift */; };
		20CBC6C51BD07780001898E2 /* UIConfiguration.swift in Sources */ = {isa = PBXBuildFile; fileRef = 20CBC6C41BD07780001898E2 /* UIConfiguration.swift */; };
		20D523561AB5581A00A46760 /* StringExtension.swift in Sources */ = {isa = PBXBuildFile; fileRef = 20D523551AB5581A00A46760 /* StringExtension.swift */; };
		20D523751AB635A600A46760 /* TimerKit.framework in Frameworks */ = {isa = PBXBuildFile; fileRef = 20D523721AB6359F00A46760 /* TimerKit.framework */; };
		20D523761AB635A600A46760 /* TimerKit.framework in Embed Frameworks */ = {isa = PBXBuildFile; fileRef = 20D523721AB6359F00A46760 /* TimerKit.framework */; settings = {ATTRIBUTES = (CodeSignOnCopy, RemoveHeadersOnCopy, ); }; };
		20EDCC061B9FAB260058E168 /* PListCreator.swift in Sources */ = {isa = PBXBuildFile; fileRef = 20EDCC051B9FAB260058E168 /* PListCreator.swift */; };
		20EF4A3F1BD6F7620045D233 /* RoundUIEngine.swift in Sources */ = {isa = PBXBuildFile; fileRef = 20EF4A3E1BD6F7620045D233 /* RoundUIEngine.swift */; };
		20F473311A43F10B00E38D98 /* Position.swift in Sources */ = {isa = PBXBuildFile; fileRef = 20F473301A43F10B00E38D98 /* Position.swift */; };
		20FB842D1BFEC28C001EE02B /* SelectRoundViewController.swift in Sources */ = {isa = PBXBuildFile; fileRef = 20FB842C1BFEC28C001EE02B /* SelectRoundViewController.swift */; };
/* End PBXBuildFile section */

/* Begin PBXContainerItemProxy section */
		2005BD1219E50B6800843B00 /* PBXContainerItemProxy */ = {
			isa = PBXContainerItemProxy;
			containerPortal = 2005BD0B19E50B6800843B00 /* Cartography.xcodeproj */;
			proxyType = 2;
			remoteGlobalIDString = 54C96A11195063CD000CDD27;
			remoteInfo = "Cartography-iOS";
		};
		2005BD1419E50B6800843B00 /* PBXContainerItemProxy */ = {
			isa = PBXContainerItemProxy;
			containerPortal = 2005BD0B19E50B6800843B00 /* Cartography.xcodeproj */;
			proxyType = 2;
			remoteGlobalIDString = 54C96A1C195063CD000CDD27;
			remoteInfo = "Cartography-iOS-Tests";
		};
		2005BD1619E50B6800843B00 /* PBXContainerItemProxy */ = {
			isa = PBXContainerItemProxy;
			containerPortal = 2005BD0B19E50B6800843B00 /* Cartography.xcodeproj */;
			proxyType = 2;
			remoteGlobalIDString = 54F6A838195C20C100313D24;
			remoteInfo = "Cartography-Mac";
		};
		2005BD1819E50B6800843B00 /* PBXContainerItemProxy */ = {
			isa = PBXContainerItemProxy;
			containerPortal = 2005BD0B19E50B6800843B00 /* Cartography.xcodeproj */;
			proxyType = 2;
			remoteGlobalIDString = 54F6A842195C20C200313D24;
			remoteInfo = "Cartography-Mac-Tests";
		};
		2005BD1F19E50BAD00843B00 /* PBXContainerItemProxy */ = {
			isa = PBXContainerItemProxy;
			containerPortal = 2005BD0B19E50B6800843B00 /* Cartography.xcodeproj */;
			proxyType = 1;
			remoteGlobalIDString = 54C96A10195063CD000CDD27;
			remoteInfo = "Cartography-iOS";
		};
		2005ED7E1B3D2CE900E6FE03 /* PBXContainerItemProxy */ = {
			isa = PBXContainerItemProxy;
			containerPortal = 20BF4C681B2E46D100AB2F87 /* Din.xcodeproj */;
			proxyType = 1;
			remoteGlobalIDString = 2098CC851ABD4FB40012FFFB;
			remoteInfo = Din;
		};
		2005ED801B3D2CED00E6FE03 /* PBXContainerItemProxy */ = {
			isa = PBXContainerItemProxy;
			containerPortal = 20D523691AB6359F00A46760 /* TimerKit.xcodeproj */;
			proxyType = 1;
			remoteGlobalIDString = 208D25C01A84121300EC93B7;
			remoteInfo = TimerKit;
		};
		20837F9F1BF9782C00D7F23D /* PBXContainerItemProxy */ = {
			isa = PBXContainerItemProxy;
			containerPortal = 2005BD0B19E50B6800843B00 /* Cartography.xcodeproj */;
			proxyType = 2;
			remoteGlobalIDString = 632F090A1BF1E7AA002431A3;
			remoteInfo = "Cartography-tvOS";
		};
		20837FA11BF9782C00D7F23D /* PBXContainerItemProxy */ = {
			isa = PBXContainerItemProxy;
			containerPortal = 2005BD0B19E50B6800843B00 /* Cartography.xcodeproj */;
			proxyType = 2;
			remoteGlobalIDString = 632F09221BF1E7FC002431A3;
			remoteInfo = "Cartography-tvOS-tests";
		};
		20BF4C701B2E46D100AB2F87 /* PBXContainerItemProxy */ = {
			isa = PBXContainerItemProxy;
			containerPortal = 20BF4C681B2E46D100AB2F87 /* Din.xcodeproj */;
			proxyType = 2;
			remoteGlobalIDString = 2098CC861ABD4FB40012FFFB;
			remoteInfo = Din;
		};
		20BF4C721B2E46D100AB2F87 /* PBXContainerItemProxy */ = {
			isa = PBXContainerItemProxy;
			containerPortal = 20BF4C681B2E46D100AB2F87 /* Din.xcodeproj */;
			proxyType = 2;
			remoteGlobalIDString = 2098CC911ABD4FB40012FFFB;
			remoteInfo = DinTests;
		};
		20BF4C771B2E46E100AB2F87 /* PBXContainerItemProxy */ = {
			isa = PBXContainerItemProxy;
			containerPortal = 20BF4C681B2E46D100AB2F87 /* Din.xcodeproj */;
			proxyType = 1;
			remoteGlobalIDString = 2098CC851ABD4FB40012FFFB;
			remoteInfo = Din;
		};
		20C99B9B19A02E2E00477D3B /* PBXContainerItemProxy */ = {
			isa = PBXContainerItemProxy;
			containerPortal = 20C99B8019A02E2E00477D3B /* Project object */;
			proxyType = 1;
			remoteGlobalIDString = 20C99B8719A02E2E00477D3B;
			remoteInfo = Timer;
		};
		20D523711AB6359F00A46760 /* PBXContainerItemProxy */ = {
			isa = PBXContainerItemProxy;
			containerPortal = 20D523691AB6359F00A46760 /* TimerKit.xcodeproj */;
			proxyType = 2;
			remoteGlobalIDString = 208D25C11A84121300EC93B7;
			remoteInfo = TimerKit;
		};
		20D523731AB6359F00A46760 /* PBXContainerItemProxy */ = {
			isa = PBXContainerItemProxy;
			containerPortal = 20D523691AB6359F00A46760 /* TimerKit.xcodeproj */;
			proxyType = 2;
			remoteGlobalIDString = 208D25CC1A84121300EC93B7;
			remoteInfo = TimerKitTests;
		};
		20D523771AB635A600A46760 /* PBXContainerItemProxy */ = {
			isa = PBXContainerItemProxy;
			containerPortal = 20D523691AB6359F00A46760 /* TimerKit.xcodeproj */;
			proxyType = 1;
			remoteGlobalIDString = 208D25C01A84121300EC93B7;
			remoteInfo = TimerKit;
		};
		20F0A8491A11734D00717EAA /* PBXContainerItemProxy */ = {
			isa = PBXContainerItemProxy;
			containerPortal = 2005BD0B19E50B6800843B00 /* Cartography.xcodeproj */;
			proxyType = 1;
			remoteGlobalIDString = 54C96A10195063CD000CDD27;
			remoteInfo = "Cartography-iOS";
		};
/* End PBXContainerItemProxy section */

/* Begin PBXCopyFilesBuildPhase section */
		2005BD2119E50BAD00843B00 /* Embed Frameworks */ = {
			isa = PBXCopyFilesBuildPhase;
			buildActionMask = 2147483647;
			dstPath = "";
			dstSubfolderSpec = 10;
			files = (
				2005BD1E19E50BAD00843B00 /* Cartography.framework in Embed Frameworks */,
				20D523761AB635A600A46760 /* TimerKit.framework in Embed Frameworks */,
				20BF4C761B2E46E100AB2F87 /* Din.framework in Embed Frameworks */,
			);
			name = "Embed Frameworks";
			runOnlyForDeploymentPostprocessing = 0;
		};
/* End PBXCopyFilesBuildPhase section */

/* Begin PBXFileReference section */
		20032E531BE9B07400FFFDB3 /* InfiniteTimerUIEngine.swift */ = {isa = PBXFileReference; fileEncoding = 4; lastKnownFileType = sourcecode.swift; name = InfiniteTimerUIEngine.swift; path = ../InfiniteTimerUIEngine.swift; sourceTree = "<group>"; };
		20032E5A1BE9B0A800FFFDB3 /* CountDownTimerUIEngine.swift */ = {isa = PBXFileReference; fileEncoding = 4; lastKnownFileType = sourcecode.swift; name = CountDownTimerUIEngine.swift; path = ../CountDownTimerUIEngine.swift; sourceTree = "<group>"; };
		20032E5C1BE9B0CD00FFFDB3 /* CountUpTimerUIEngine.swift */ = {isa = PBXFileReference; fileEncoding = 4; lastKnownFileType = sourcecode.swift; name = CountUpTimerUIEngine.swift; path = ../CountUpTimerUIEngine.swift; sourceTree = "<group>"; };
		2005BD0B19E50B6800843B00 /* Cartography.xcodeproj */ = {isa = PBXFileReference; lastKnownFileType = "wrapper.pb-project"; name = Cartography.xcodeproj; path = Cartography/Cartography.xcodeproj; sourceTree = "<group>"; };
		200D1CEA1BE33FEF00F60F77 /* EngineProxy.swift */ = {isa = PBXFileReference; fileEncoding = 4; lastKnownFileType = sourcecode.swift; name = EngineProxy.swift; path = ../EngineProxy.swift; sourceTree = "<group>"; };
		20329B7E19C4B834001591F8 /* TickerLabel.swift */ = {isa = PBXFileReference; fileEncoding = 4; lastKnownFileType = sourcecode.swift; path = TickerLabel.swift; sourceTree = "<group>"; };
		2035F7671BA6630E00FEDD11 /* Round.swift */ = {isa = PBXFileReference; fileEncoding = 4; lastKnownFileType = sourcecode.swift; path = Round.swift; sourceTree = "<group>"; };
		2044614C1B2EB52F00B2E767 /* DebateType-copy.plist */ = {isa = PBXFileReference; fileEncoding = 4; lastKnownFileType = text.plist.xml; path = "DebateType-copy.plist"; sourceTree = "<group>"; };
		204C58641BFD8783008D1FF2 /* DefaultRound.swift */ = {isa = PBXFileReference; fileEncoding = 4; lastKnownFileType = sourcecode.swift; path = DefaultRound.swift; sourceTree = "<group>"; };
		20503F9F1C01408C00918028 /* RoundCreatorViewController.swift */ = {isa = PBXFileReference; fileEncoding = 4; lastKnownFileType = sourcecode.swift; path = RoundCreatorViewController.swift; sourceTree = "<group>"; };
		205C661619AD657900E14B30 /* Debate+Round.swift */ = {isa = PBXFileReference; fileEncoding = 4; lastKnownFileType = sourcecode.swift; lineEnding = 0; path = "Debate+Round.swift"; sourceTree = "<group>"; xcLanguageSpecificationIdentifier = xcode.lang.swift; };
		205C661819AD6C7100E14B30 /* DebateType.plist */ = {isa = PBXFileReference; fileEncoding = 4; lastKnownFileType = text.plist.xml; path = DebateType.plist; sourceTree = "<group>"; };
		2061A90D1BE4AA4700345C49 /* SegmentType.swift */ = {isa = PBXFileReference; fileEncoding = 4; lastKnownFileType = sourcecode.swift; path = SegmentType.swift; sourceTree = "<group>"; };
		206E8E6D1BAE3F60001E2EA5 /* TimerUIEngineType.swift */ = {isa = PBXFileReference; fileEncoding = 4; lastKnownFileType = sourcecode.swift; path = TimerUIEngineType.swift; sourceTree = SOURCE_ROOT; };
		20837FA61BFADEE900D7F23D /* OvertimeUIEngine.swift */ = {isa = PBXFileReference; fileEncoding = 4; lastKnownFileType = sourcecode.swift; path = OvertimeUIEngine.swift; sourceTree = "<group>"; };
		20A73A291B2A11BB0088EE4F /* Base */ = {isa = PBXFileReference; lastKnownFileType = file.storyboard; name = Base; path = Base.lproj/LaunchScreen.storyboard; sourceTree = "<group>"; };
		20BB1A4E19D2758600568046 /* CircleButton.swift */ = {isa = PBXFileReference; fileEncoding = 4; lastKnownFileType = sourcecode.swift; path = CircleButton.swift; sourceTree = "<group>"; };
		20BF4C681B2E46D100AB2F87 /* Din.xcodeproj */ = {isa = PBXFileReference; lastKnownFileType = "wrapper.pb-project"; name = Din.xcodeproj; path = Din/Din.xcodeproj; sourceTree = "<group>"; };
		20C99B8819A02E2E00477D3B /* Timer.app */ = {isa = PBXFileReference; explicitFileType = wrapper.application; includeInIndex = 0; path = Timer.app; sourceTree = BUILT_PRODUCTS_DIR; };
		20C99B8C19A02E2E00477D3B /* Info.plist */ = {isa = PBXFileReference; lastKnownFileType = text.plist.xml; path = Info.plist; sourceTree = "<group>"; };
		20C99B8D19A02E2E00477D3B /* AppDelegate.swift */ = {isa = PBXFileReference; lastKnownFileType = sourcecode.swift; path = AppDelegate.swift; sourceTree = "<group>"; };
		20C99B8F19A02E2E00477D3B /* ViewController.swift */ = {isa = PBXFileReference; lastKnownFileType = sourcecode.swift; lineEnding = 0; path = ViewController.swift; sourceTree = "<group>"; xcLanguageSpecificationIdentifier = xcode.lang.swift; };
		20C99B9419A02E2E00477D3B /* Images.xcassets */ = {isa = PBXFileReference; lastKnownFileType = folder.assetcatalog; path = Images.xcassets; sourceTree = "<group>"; };
		20C99B9A19A02E2E00477D3B /* TimerTests.xctest */ = {isa = PBXFileReference; explicitFileType = wrapper.cfbundle; includeInIndex = 0; path = TimerTests.xctest; sourceTree = BUILT_PRODUCTS_DIR; };
		20C99B9F19A02E2E00477D3B /* Info.plist */ = {isa = PBXFileReference; lastKnownFileType = text.plist.xml; path = Info.plist; sourceTree = "<group>"; };
		20C99BAA19A02F5A00477D3B /* TickerView.swift */ = {isa = PBXFileReference; fileEncoding = 4; lastKnownFileType = sourcecode.swift; lineEnding = 0; path = TickerView.swift; sourceTree = "<group>"; xcLanguageSpecificationIdentifier = xcode.lang.swift; };
		20CBC6C41BD07780001898E2 /* UIConfiguration.swift */ = {isa = PBXFileReference; fileEncoding = 4; lastKnownFileType = sourcecode.swift; name = UIConfiguration.swift; path = ../UIConfiguration.swift; sourceTree = "<group>"; };
		20D523551AB5581A00A46760 /* StringExtension.swift */ = {isa = PBXFileReference; fileEncoding = 4; lastKnownFileType = sourcecode.swift; path = StringExtension.swift; sourceTree = "<group>"; };
		20D523691AB6359F00A46760 /* TimerKit.xcodeproj */ = {isa = PBXFileReference; lastKnownFileType = "wrapper.pb-project"; name = TimerKit.xcodeproj; path = TimerKit/TimerKit.xcodeproj; sourceTree = "<group>"; };
		20EDCC051B9FAB260058E168 /* PListCreator.swift */ = {isa = PBXFileReference; fileEncoding = 4; lastKnownFileType = sourcecode.swift; name = PListCreator.swift; path = ../PListCreator.swift; sourceTree = "<group>"; };
		20EF4A3E1BD6F7620045D233 /* RoundUIEngine.swift */ = {isa = PBXFileReference; fileEncoding = 4; lastKnownFileType = sourcecode.swift; name = RoundUIEngine.swift; path = ../RoundUIEngine.swift; sourceTree = "<group>"; };
		20F473301A43F10B00E38D98 /* Position.swift */ = {isa = PBXFileReference; fileEncoding = 4; lastKnownFileType = sourcecode.swift; name = Position.swift; path = ../Position.swift; sourceTree = "<group>"; };
		20FB842C1BFEC28C001EE02B /* SelectRoundViewController.swift */ = {isa = PBXFileReference; fileEncoding = 4; lastKnownFileType = sourcecode.swift; path = SelectRoundViewController.swift; sourceTree = "<group>"; };
/* End PBXFileReference section */

/* Begin PBXFrameworksBuildPhase section */
		20C99B8519A02E2E00477D3B /* Frameworks */ = {
			isa = PBXFrameworksBuildPhase;
			buildActionMask = 2147483647;
			files = (
				2005BD1D19E50BAD00843B00 /* Cartography.framework in Frameworks */,
				20D523751AB635A600A46760 /* TimerKit.framework in Frameworks */,
				20BF4C751B2E46E100AB2F87 /* Din.framework in Frameworks */,
			);
			runOnlyForDeploymentPostprocessing = 0;
		};
		20C99B9719A02E2E00477D3B /* Frameworks */ = {
			isa = PBXFrameworksBuildPhase;
			buildActionMask = 2147483647;
			files = (
			);
			runOnlyForDeploymentPostprocessing = 0;
		};
/* End PBXFrameworksBuildPhase section */

/* Begin PBXGroup section */
		2005BD0C19E50B6800843B00 /* Products */ = {
			isa = PBXGroup;
			children = (
				2005BD1319E50B6800843B00 /* Cartography.framework */,
				2005BD1519E50B6800843B00 /* Cartography-iOS-Tests.xctest */,
				2005BD1719E50B6800843B00 /* Cartography.framework */,
				2005BD1919E50B6800843B00 /* Cartography-Mac-Tests.xctest */,
				20837FA01BF9782C00D7F23D /* Cartography.framework */,
				20837FA21BF9782C00D7F23D /* Cartography-tvOS-tests.xctest */,
			);
			name = Products;
			sourceTree = "<group>";
		};
		20837FA51BF9783800D7F23D /* Model-ViewController */ = {
			isa = PBXGroup;
			children = (
				200D1CEA1BE33FEF00F60F77 /* EngineProxy.swift */,
				20EF4A3E1BD6F7620045D233 /* RoundUIEngine.swift */,
				20837FA81BFAF33C00D7F23D /* TimerUIEngineType */,
				20CBC6C41BD07780001898E2 /* UIConfiguration.swift */,
				20EDCC051B9FAB260058E168 /* PListCreator.swift */,
			);
			name = "Model-ViewController";
			sourceTree = "<group>";
		};
		20837FA81BFAF33C00D7F23D /* TimerUIEngineType */ = {
			isa = PBXGroup;
			children = (
				206E8E6D1BAE3F60001E2EA5 /* TimerUIEngineType.swift */,
				20837FA61BFADEE900D7F23D /* OvertimeUIEngine.swift */,
				20032E5A1BE9B0A800FFFDB3 /* CountDownTimerUIEngine.swift */,
				20032E5C1BE9B0CD00FFFDB3 /* CountUpTimerUIEngine.swift */,
				20032E531BE9B07400FFFDB3 /* InfiniteTimerUIEngine.swift */,
			);
			name = TimerUIEngineType;
			sourceTree = "<group>";
		};
		20BF4C691B2E46D100AB2F87 /* Products */ = {
			isa = PBXGroup;
			children = (
				20BF4C711B2E46D100AB2F87 /* Din.framework */,
				20BF4C731B2E46D100AB2F87 /* DinTests.xctest */,
			);
			name = Products;
			sourceTree = "<group>";
		};
		20C99B7F19A02E2E00477D3B = {
			isa = PBXGroup;
			children = (
				20BF4C681B2E46D100AB2F87 /* Din.xcodeproj */,
				20D523691AB6359F00A46760 /* TimerKit.xcodeproj */,
				2005BD0B19E50B6800843B00 /* Cartography.xcodeproj */,
				20C99B8A19A02E2E00477D3B /* Timer */,
				20C99B9D19A02E2E00477D3B /* TimerTests */,
				20C99B8919A02E2E00477D3B /* Products */,
			);
			sourceTree = "<group>";
		};
		20C99B8919A02E2E00477D3B /* Products */ = {
			isa = PBXGroup;
			children = (
				20C99B8819A02E2E00477D3B /* Timer.app */,
				20C99B9A19A02E2E00477D3B /* TimerTests.xctest */,
			);
			name = Products;
			sourceTree = "<group>";
		};
		20C99B8A19A02E2E00477D3B /* Timer */ = {
			isa = PBXGroup;
			children = (
				20C99B8D19A02E2E00477D3B /* AppDelegate.swift */,
				204C58641BFD8783008D1FF2 /* DefaultRound.swift */,
				20F7EEBE1A488E6E0047DB98 /* ViewControllers */,
				20837FA51BF9783800D7F23D /* Model-ViewController */,
				20F473301A43F10B00E38D98 /* Position.swift */,
				20C99BAA19A02F5A00477D3B /* TickerView.swift */,
				20329B7E19C4B834001591F8 /* TickerLabel.swift */,
				205C661619AD657900E14B30 /* Debate+Round.swift */,
				2035F7671BA6630E00FEDD11 /* Round.swift */,
				2061A90D1BE4AA4700345C49 /* SegmentType.swift */,
				20D523551AB5581A00A46760 /* StringExtension.swift */,
				20BB1A4E19D2758600568046 /* CircleButton.swift */,
				20A73A281B2A11BB0088EE4F /* LaunchScreen.storyboard */,
				20C99B9419A02E2E00477D3B /* Images.xcassets */,
				20C99B8B19A02E2E00477D3B /* Supporting Files */,
			);
			path = Timer;
			sourceTree = "<group>";
		};
		20C99B8B19A02E2E00477D3B /* Supporting Files */ = {
			isa = PBXGroup;
			children = (
				2044614C1B2EB52F00B2E767 /* DebateType-copy.plist */,
				20C99B8C19A02E2E00477D3B /* Info.plist */,
				205C661819AD6C7100E14B30 /* DebateType.plist */,
			);
			name = "Supporting Files";
			sourceTree = "<group>";
		};
		20C99B9D19A02E2E00477D3B /* TimerTests */ = {
			isa = PBXGroup;
			children = (
				20C99B9E19A02E2E00477D3B /* Supporting Files */,
			);
			path = TimerTests;
			sourceTree = "<group>";
		};
		20C99B9E19A02E2E00477D3B /* Supporting Files */ = {
			isa = PBXGroup;
			children = (
				20C99B9F19A02E2E00477D3B /* Info.plist */,
			);
			name = "Supporting Files";
			sourceTree = "<group>";
		};
		20D5236A1AB6359F00A46760 /* Products */ = {
			isa = PBXGroup;
			children = (
				20D523721AB6359F00A46760 /* TimerKit.framework */,
				20D523741AB6359F00A46760 /* TimerKitTests.xctest */,
			);
			name = Products;
			sourceTree = "<group>";
		};
		20F7EEBE1A488E6E0047DB98 /* ViewControllers */ = {
			isa = PBXGroup;
			children = (
				20C99B8F19A02E2E00477D3B /* ViewController.swift */,
				20503F9F1C01408C00918028 /* RoundCreatorViewController.swift */,
				20FB842C1BFEC28C001EE02B /* SelectRoundViewController.swift */,
			);
			name = ViewControllers;
			sourceTree = "<group>";
		};
/* End PBXGroup section */

/* Begin PBXNativeTarget section */
		20C99B8719A02E2E00477D3B /* Timer */ = {
			isa = PBXNativeTarget;
			buildConfigurationList = 20C99BA419A02E2E00477D3B /* Build configuration list for PBXNativeTarget "Timer" */;
			buildPhases = (
				20C99B8419A02E2E00477D3B /* Sources */,
				20C99B8519A02E2E00477D3B /* Frameworks */,
				20C99B8619A02E2E00477D3B /* Resources */,
				20003DB419D1182C00D3F01A /* Run Script */,
				2005BD2119E50BAD00843B00 /* Embed Frameworks */,
			);
			buildRules = (
			);
			dependencies = (
				2005BD2019E50BAD00843B00 /* PBXTargetDependency */,
				20D523781AB635A600A46760 /* PBXTargetDependency */,
				20BF4C781B2E46E100AB2F87 /* PBXTargetDependency */,
			);
			name = Timer;
			productName = Timer;
			productReference = 20C99B8819A02E2E00477D3B /* Timer.app */;
			productType = "com.apple.product-type.application";
		};
		20C99B9919A02E2E00477D3B /* TimerTests */ = {
			isa = PBXNativeTarget;
			buildConfigurationList = 20C99BA719A02E2E00477D3B /* Build configuration list for PBXNativeTarget "TimerTests" */;
			buildPhases = (
				20C99B9619A02E2E00477D3B /* Sources */,
				20C99B9719A02E2E00477D3B /* Frameworks */,
				20C99B9819A02E2E00477D3B /* Resources */,
			);
			buildRules = (
			);
			dependencies = (
				2005ED811B3D2CED00E6FE03 /* PBXTargetDependency */,
				2005ED7F1B3D2CE900E6FE03 /* PBXTargetDependency */,
				20F0A84A1A11734D00717EAA /* PBXTargetDependency */,
				20C99B9C19A02E2E00477D3B /* PBXTargetDependency */,
			);
			name = TimerTests;
			productName = TimerTests;
			productReference = 20C99B9A19A02E2E00477D3B /* TimerTests.xctest */;
			productType = "com.apple.product-type.bundle.unit-test";
		};
/* End PBXNativeTarget section */

/* Begin PBXProject section */
		20C99B8019A02E2E00477D3B /* Project object */ = {
			isa = PBXProject;
			attributes = {
				LastSwiftUpdateCheck = 0700;
				LastUpgradeCheck = 0700;
				ORGANIZATIONNAME = "E&Z Pierson";
				TargetAttributes = {
					20C99B8719A02E2E00477D3B = {
						CreatedOnToolsVersion = 6.0;
						DevelopmentTeam = R2HR4QQ5DH;
					};
					20C99B9919A02E2E00477D3B = {
						CreatedOnToolsVersion = 6.0;
						TestTargetID = 20C99B8719A02E2E00477D3B;
					};
				};
			};
			buildConfigurationList = 20C99B8319A02E2E00477D3B /* Build configuration list for PBXProject "Timer" */;
			compatibilityVersion = "Xcode 3.2";
			developmentRegion = English;
			hasScannedForEncodings = 0;
			knownRegions = (
				en,
				Base,
			);
			mainGroup = 20C99B7F19A02E2E00477D3B;
			productRefGroup = 20C99B8919A02E2E00477D3B /* Products */;
			projectDirPath = "";
			projectReferences = (
				{
					ProductGroup = 2005BD0C19E50B6800843B00 /* Products */;
					ProjectRef = 2005BD0B19E50B6800843B00 /* Cartography.xcodeproj */;
				},
				{
					ProductGroup = 20BF4C691B2E46D100AB2F87 /* Products */;
					ProjectRef = 20BF4C681B2E46D100AB2F87 /* Din.xcodeproj */;
				},
				{
					ProductGroup = 20D5236A1AB6359F00A46760 /* Products */;
					ProjectRef = 20D523691AB6359F00A46760 /* TimerKit.xcodeproj */;
				},
			);
			projectRoot = "";
			targets = (
				20C99B8719A02E2E00477D3B /* Timer */,
				20C99B9919A02E2E00477D3B /* TimerTests */,
			);
		};
/* End PBXProject section */

/* Begin PBXReferenceProxy section */
		2005BD1319E50B6800843B00 /* Cartography.framework */ = {
			isa = PBXReferenceProxy;
			fileType = wrapper.framework;
			path = Cartography.framework;
			remoteRef = 2005BD1219E50B6800843B00 /* PBXContainerItemProxy */;
			sourceTree = BUILT_PRODUCTS_DIR;
		};
		2005BD1519E50B6800843B00 /* Cartography-iOS-Tests.xctest */ = {
			isa = PBXReferenceProxy;
			fileType = wrapper.cfbundle;
			path = "Cartography-iOS-Tests.xctest";
			remoteRef = 2005BD1419E50B6800843B00 /* PBXContainerItemProxy */;
			sourceTree = BUILT_PRODUCTS_DIR;
		};
		2005BD1719E50B6800843B00 /* Cartography.framework */ = {
			isa = PBXReferenceProxy;
			fileType = wrapper.framework;
			path = Cartography.framework;
			remoteRef = 2005BD1619E50B6800843B00 /* PBXContainerItemProxy */;
			sourceTree = BUILT_PRODUCTS_DIR;
		};
		2005BD1919E50B6800843B00 /* Cartography-Mac-Tests.xctest */ = {
			isa = PBXReferenceProxy;
			fileType = wrapper.cfbundle;
			path = "Cartography-Mac-Tests.xctest";
			remoteRef = 2005BD1819E50B6800843B00 /* PBXContainerItemProxy */;
			sourceTree = BUILT_PRODUCTS_DIR;
		};
		20837FA01BF9782C00D7F23D /* Cartography.framework */ = {
			isa = PBXReferenceProxy;
			fileType = wrapper.framework;
			path = Cartography.framework;
			remoteRef = 20837F9F1BF9782C00D7F23D /* PBXContainerItemProxy */;
			sourceTree = BUILT_PRODUCTS_DIR;
		};
		20837FA21BF9782C00D7F23D /* Cartography-tvOS-tests.xctest */ = {
			isa = PBXReferenceProxy;
			fileType = wrapper.cfbundle;
			path = "Cartography-tvOS-tests.xctest";
			remoteRef = 20837FA11BF9782C00D7F23D /* PBXContainerItemProxy */;
			sourceTree = BUILT_PRODUCTS_DIR;
		};
		20BF4C711B2E46D100AB2F87 /* Din.framework */ = {
			isa = PBXReferenceProxy;
			fileType = wrapper.framework;
			path = Din.framework;
			remoteRef = 20BF4C701B2E46D100AB2F87 /* PBXContainerItemProxy */;
			sourceTree = BUILT_PRODUCTS_DIR;
		};
		20BF4C731B2E46D100AB2F87 /* DinTests.xctest */ = {
			isa = PBXReferenceProxy;
			fileType = wrapper.cfbundle;
			path = DinTests.xctest;
			remoteRef = 20BF4C721B2E46D100AB2F87 /* PBXContainerItemProxy */;
			sourceTree = BUILT_PRODUCTS_DIR;
		};
		20D523721AB6359F00A46760 /* TimerKit.framework */ = {
			isa = PBXReferenceProxy;
			fileType = wrapper.framework;
			path = TimerKit.framework;
			remoteRef = 20D523711AB6359F00A46760 /* PBXContainerItemProxy */;
			sourceTree = BUILT_PRODUCTS_DIR;
		};
		20D523741AB6359F00A46760 /* TimerKitTests.xctest */ = {
			isa = PBXReferenceProxy;
			fileType = wrapper.cfbundle;
			path = TimerKitTests.xctest;
			remoteRef = 20D523731AB6359F00A46760 /* PBXContainerItemProxy */;
			sourceTree = BUILT_PRODUCTS_DIR;
		};
/* End PBXReferenceProxy section */

/* Begin PBXResourcesBuildPhase section */
		20C99B8619A02E2E00477D3B /* Resources */ = {
			isa = PBXResourcesBuildPhase;
			buildActionMask = 2147483647;
			files = (
				20A73A2A1B2A11BB0088EE4F /* LaunchScreen.storyboard in Resources */,
				20C99B9519A02E2E00477D3B /* Images.xcassets in Resources */,
				2044614D1B2EB52F00B2E767 /* DebateType-copy.plist in Resources */,
				205C661919AD6C7100E14B30 /* DebateType.plist in Resources */,
			);
			runOnlyForDeploymentPostprocessing = 0;
		};
		20C99B9819A02E2E00477D3B /* Resources */ = {
			isa = PBXResourcesBuildPhase;
			buildActionMask = 2147483647;
			files = (
			);
			runOnlyForDeploymentPostprocessing = 0;
		};
/* End PBXResourcesBuildPhase section */

/* Begin PBXShellScriptBuildPhase section */
		20003DB419D1182C00D3F01A /* Run Script */ = {
			isa = PBXShellScriptBuildPhase;
			buildActionMask = 2147483647;
			files = (
			);
			inputPaths = (
			);
			name = "Run Script";
			outputPaths = (
			);
			runOnlyForDeploymentPostprocessing = 0;
			shellPath = /bin/sh;
			shellScript = "#\n# Set the build number to the current git commit count.\n# If we're using the Dev scheme, then we'll suffix the build\n# number with the current branch name, to make collisions\n# far less likely across feature branches.\n# Based on: http://w3facility.info/question/how-do-i-force-xcode-to-rebuild-the-info-plist-file-in-my-project-every-time-i-build-the-project/\n#\ngit=`sh /etc/profile; which git`\nappBuild=`\"$git\" rev-list --all |wc -l`\nif [ $CONFIGURATION = \"Debug\" ]; then\nbranchName=`\"$git\" rev-parse --abbrev-ref HEAD`\n/usr/libexec/PlistBuddy -c \"Set :CFBundleVersion $appBuild-$branchName\" \"${TARGET_BUILD_DIR}/${INFOPLIST_PATH}\"\nelse\n/usr/libexec/PlistBuddy -c \"Set :CFBundleVersion $appBuild\" \"${TARGET_BUILD_DIR}/${INFOPLIST_PATH}\"\nfi\necho \"Updated ${TARGET_BUILD_DIR}/${INFOPLIST_PATH}\"";
		};
/* End PBXShellScriptBuildPhase section */

/* Begin PBXSourcesBuildPhase section */
		20C99B8419A02E2E00477D3B /* Sources */ = {
			isa = PBXSourcesBuildPhase;
			buildActionMask = 2147483647;
			files = (
				20F473311A43F10B00E38D98 /* Position.swift in Sources */,
				2061A90E1BE4AA4700345C49 /* SegmentType.swift in Sources */,
				20BB1A4F19D2758600568046 /* CircleButton.swift in Sources */,
				20837FA71BFADEE900D7F23D /* OvertimeUIEngine.swift in Sources */,
				20032E5B1BE9B0A800FFFDB3 /* CountDownTimerUIEngine.swift in Sources */,
				20C99B9019A02E2E00477D3B /* ViewController.swift in Sources */,
				204C58651BFD8783008D1FF2 /* DefaultRound.swift in Sources */,
				2035F7681BA6630E00FEDD11 /* Round.swift in Sources */,
				20FB842D1BFEC28C001EE02B /* SelectRoundViewController.swift in Sources */,
				20032E5D1BE9B0CD00FFFDB3 /* CountUpTimerUIEngine.swift in Sources */,
				20503FA01C01408C00918028 /* RoundCreatorViewController.swift in Sources */,
				20EDCC061B9FAB260058E168 /* PListCreator.swift in Sources */,
				20329B7F19C4B834001591F8 /* TickerLabel.swift in Sources */,
				20032E541BE9B07400FFFDB3 /* InfiniteTimerUIEngine.swift in Sources */,
				205C661719AD657900E14B30 /* Debate+Round.swift in Sources */,
				20D523561AB5581A00A46760 /* StringExtension.swift in Sources */,
				20C99B8E19A02E2E00477D3B /* AppDelegate.swift in Sources */,
				20C99BAB19A02F5A00477D3B /* TickerView.swift in Sources */,
				20CBC6C51BD07780001898E2 /* UIConfiguration.swift in Sources */,
				20EF4A3F1BD6F7620045D233 /* RoundUIEngine.swift in Sources */,
				200D1CEB1BE33FEF00F60F77 /* EngineProxy.swift in Sources */,
				206E8E6E1BAE3F60001E2EA5 /* TimerUIEngineType.swift in Sources */,
			);
			runOnlyForDeploymentPostprocessing = 0;
		};
		20C99B9619A02E2E00477D3B /* Sources */ = {
			isa = PBXSourcesBuildPhase;
			buildActionMask = 2147483647;
			files = (
			);
			runOnlyForDeploymentPostprocessing = 0;
		};
/* End PBXSourcesBuildPhase section */

/* Begin PBXTargetDependency section */
		2005BD2019E50BAD00843B00 /* PBXTargetDependency */ = {
			isa = PBXTargetDependency;
			name = "Cartography-iOS";
			targetProxy = 2005BD1F19E50BAD00843B00 /* PBXContainerItemProxy */;
		};
		2005ED7F1B3D2CE900E6FE03 /* PBXTargetDependency */ = {
			isa = PBXTargetDependency;
			name = Din;
			targetProxy = 2005ED7E1B3D2CE900E6FE03 /* PBXContainerItemProxy */;
		};
		2005ED811B3D2CED00E6FE03 /* PBXTargetDependency */ = {
			isa = PBXTargetDependency;
			name = TimerKit;
			targetProxy = 2005ED801B3D2CED00E6FE03 /* PBXContainerItemProxy */;
		};
		20BF4C781B2E46E100AB2F87 /* PBXTargetDependency */ = {
			isa = PBXTargetDependency;
			name = Din;
			targetProxy = 20BF4C771B2E46E100AB2F87 /* PBXContainerItemProxy */;
		};
		20C99B9C19A02E2E00477D3B /* PBXTargetDependency */ = {
			isa = PBXTargetDependency;
			target = 20C99B8719A02E2E00477D3B /* Timer */;
			targetProxy = 20C99B9B19A02E2E00477D3B /* PBXContainerItemProxy */;
		};
		20D523781AB635A600A46760 /* PBXTargetDependency */ = {
			isa = PBXTargetDependency;
			name = TimerKit;
			targetProxy = 20D523771AB635A600A46760 /* PBXContainerItemProxy */;
		};
		20F0A84A1A11734D00717EAA /* PBXTargetDependency */ = {
			isa = PBXTargetDependency;
			name = "Cartography-iOS";
			targetProxy = 20F0A8491A11734D00717EAA /* PBXContainerItemProxy */;
		};
/* End PBXTargetDependency section */

/* Begin PBXVariantGroup section */
		20A73A281B2A11BB0088EE4F /* LaunchScreen.storyboard */ = {
			isa = PBXVariantGroup;
			children = (
				20A73A291B2A11BB0088EE4F /* Base */,
			);
			name = LaunchScreen.storyboard;
			sourceTree = "<group>";
		};
/* End PBXVariantGroup section */

/* Begin XCBuildConfiguration section */
		20C99BA219A02E2E00477D3B /* Debug */ = {
			isa = XCBuildConfiguration;
			buildSettings = {
				ALWAYS_SEARCH_USER_PATHS = NO;
				CLANG_CXX_LANGUAGE_STANDARD = "gnu++0x";
				CLANG_CXX_LIBRARY = "libc++";
				CLANG_ENABLE_MODULES = YES;
				CLANG_ENABLE_OBJC_ARC = YES;
				CLANG_WARN_BOOL_CONVERSION = YES;
				CLANG_WARN_CONSTANT_CONVERSION = YES;
				CLANG_WARN_DIRECT_OBJC_ISA_USAGE = YES_ERROR;
				CLANG_WARN_EMPTY_BODY = YES;
				CLANG_WARN_ENUM_CONVERSION = YES;
				CLANG_WARN_INT_CONVERSION = YES;
				CLANG_WARN_OBJC_ROOT_CLASS = YES_ERROR;
				CLANG_WARN_UNREACHABLE_CODE = YES;
				CLANG_WARN__DUPLICATE_METHOD_MATCH = YES;
				"CODE_SIGN_IDENTITY[sdk=iphoneos*]" = "iPhone Developer";
				COPY_PHASE_STRIP = NO;
				ENABLE_STRICT_OBJC_MSGSEND = YES;
				ENABLE_TESTABILITY = YES;
				GCC_C_LANGUAGE_STANDARD = gnu99;
				GCC_DYNAMIC_NO_PIC = NO;
				GCC_OPTIMIZATION_LEVEL = 0;
				GCC_PREPROCESSOR_DEFINITIONS = (
					"DEBUG=1",
					"$(inherited)",
				);
				GCC_SYMBOLS_PRIVATE_EXTERN = NO;
				GCC_WARN_64_TO_32_BIT_CONVERSION = YES;
				GCC_WARN_ABOUT_RETURN_TYPE = YES_ERROR;
				GCC_WARN_UNDECLARED_SELECTOR = YES;
				GCC_WARN_UNINITIALIZED_AUTOS = YES_AGGRESSIVE;
				GCC_WARN_UNUSED_FUNCTION = YES;
				GCC_WARN_UNUSED_VARIABLE = YES;
				IPHONEOS_DEPLOYMENT_TARGET = 9.0;
				MTL_ENABLE_DEBUG_INFO = YES;
				ONLY_ACTIVE_ARCH = YES;
				SDKROOT = iphoneos;
				SWIFT_OPTIMIZATION_LEVEL = "-Onone";
				TARGETED_DEVICE_FAMILY = "1,2";
			};
			name = Debug;
		};
		20C99BA319A02E2E00477D3B /* Release */ = {
			isa = XCBuildConfiguration;
			buildSettings = {
				ALWAYS_SEARCH_USER_PATHS = NO;
				CLANG_CXX_LANGUAGE_STANDARD = "gnu++0x";
				CLANG_CXX_LIBRARY = "libc++";
				CLANG_ENABLE_MODULES = YES;
				CLANG_ENABLE_OBJC_ARC = YES;
				CLANG_WARN_BOOL_CONVERSION = YES;
				CLANG_WARN_CONSTANT_CONVERSION = YES;
				CLANG_WARN_DIRECT_OBJC_ISA_USAGE = YES_ERROR;
				CLANG_WARN_EMPTY_BODY = YES;
				CLANG_WARN_ENUM_CONVERSION = YES;
				CLANG_WARN_INT_CONVERSION = YES;
				CLANG_WARN_OBJC_ROOT_CLASS = YES_ERROR;
				CLANG_WARN_UNREACHABLE_CODE = YES;
				CLANG_WARN__DUPLICATE_METHOD_MATCH = YES;
				"CODE_SIGN_IDENTITY[sdk=iphoneos*]" = "iPhone Developer";
				COPY_PHASE_STRIP = NO;
				ENABLE_NS_ASSERTIONS = NO;
				ENABLE_STRICT_OBJC_MSGSEND = YES;
				GCC_C_LANGUAGE_STANDARD = gnu99;
				GCC_WARN_64_TO_32_BIT_CONVERSION = YES;
				GCC_WARN_ABOUT_RETURN_TYPE = YES_ERROR;
				GCC_WARN_UNDECLARED_SELECTOR = YES;
				GCC_WARN_UNINITIALIZED_AUTOS = YES_AGGRESSIVE;
				GCC_WARN_UNUSED_FUNCTION = YES;
				GCC_WARN_UNUSED_VARIABLE = YES;
				IPHONEOS_DEPLOYMENT_TARGET = 9.0;
				MTL_ENABLE_DEBUG_INFO = NO;
				SDKROOT = iphoneos;
				TARGETED_DEVICE_FAMILY = "1,2";
				VALIDATE_PRODUCT = YES;
			};
			name = Release;
		};
		20C99BA519A02E2E00477D3B /* Debug */ = {
			isa = XCBuildConfiguration;
			buildSettings = {
				ASSETCATALOG_COMPILER_APPICON_NAME = AppIcon;
				CODE_SIGN_IDENTITY = "iPhone Developer";
				EMBEDDED_CONTENT_CONTAINS_SWIFT = YES;
				INFOPLIST_FILE = Timer/Info.plist;
				IPHONEOS_DEPLOYMENT_TARGET = 9.0;
				LD_RUNPATH_SEARCH_PATHS = "$(inherited) @executable_path/Frameworks";
				PRODUCT_BUNDLE_IDENTIFIER = "io.rezworks.$(PRODUCT_NAME:rfc1034identifier)";
				PRODUCT_NAME = "$(TARGET_NAME)";
				TARGETED_DEVICE_FAMILY = "1,2";
			};
			name = Debug;
		};
		20C99BA619A02E2E00477D3B /* Release */ = {
			isa = XCBuildConfiguration;
			buildSettings = {
				ASSETCATALOG_COMPILER_APPICON_NAME = AppIcon;
				CODE_SIGN_IDENTITY = "iPhone Developer";
				EMBEDDED_CONTENT_CONTAINS_SWIFT = YES;
				INFOPLIST_FILE = Timer/Info.plist;
				IPHONEOS_DEPLOYMENT_TARGET = 9.0;
				LD_RUNPATH_SEARCH_PATHS = "$(inherited) @executable_path/Frameworks";
				PRODUCT_BUNDLE_IDENTIFIER = "io.rezworks.$(PRODUCT_NAME:rfc1034identifier)";
				PRODUCT_NAME = "$(TARGET_NAME)";
				TARGETED_DEVICE_FAMILY = "1,2";
			};
			name = Release;
		};
		20C99BA819A02E2E00477D3B /* Debug */ = {
			isa = XCBuildConfiguration;
			buildSettings = {
				BUNDLE_LOADER = "$(TEST_HOST)";
				CLANG_ENABLE_MODULES = YES;
				FRAMEWORK_SEARCH_PATHS = (
					"$(SDKROOT)/Developer/Library/Frameworks",
					"$(inherited)",
				);
				GCC_PREPROCESSOR_DEFINITIONS = (
					"DEBUG=1",
					"$(inherited)",
				);
				INFOPLIST_FILE = TimerTests/Info.plist;
				IPHONEOS_DEPLOYMENT_TARGET = 9.0;
				LD_RUNPATH_SEARCH_PATHS = "$(inherited) @executable_path/Frameworks @loader_path/Frameworks";
				PRODUCT_BUNDLE_IDENTIFIER = "EZTech.$(PRODUCT_NAME:rfc1034identifier)";
				PRODUCT_NAME = "$(TARGET_NAME)";
				SWIFT_OPTIMIZATION_LEVEL = "-Onone";
				TEST_HOST = "$(BUILT_PRODUCTS_DIR)/Timer.app/Timer";
			};
			name = Debug;
		};
		20C99BA919A02E2E00477D3B /* Release */ = {
			isa = XCBuildConfiguration;
			buildSettings = {
				BUNDLE_LOADER = "$(TEST_HOST)";
				CLANG_ENABLE_MODULES = YES;
				FRAMEWORK_SEARCH_PATHS = (
					"$(SDKROOT)/Developer/Library/Frameworks",
					"$(inherited)",
				);
				INFOPLIST_FILE = TimerTests/Info.plist;
				IPHONEOS_DEPLOYMENT_TARGET = 9.0;
				LD_RUNPATH_SEARCH_PATHS = "$(inherited) @executable_path/Frameworks @loader_path/Frameworks";
				PRODUCT_BUNDLE_IDENTIFIER = "EZTech.$(PRODUCT_NAME:rfc1034identifier)";
				PRODUCT_NAME = "$(TARGET_NAME)";
				TEST_HOST = "$(BUILT_PRODUCTS_DIR)/Timer.app/Timer";
			};
			name = Release;
		};
/* End XCBuildConfiguration section */

/* Begin XCConfigurationList section */
		20C99B8319A02E2E00477D3B /* Build configuration list for PBXProject "Timer" */ = {
			isa = XCConfigurationList;
			buildConfigurations = (
				20C99BA219A02E2E00477D3B /* Debug */,
				20C99BA319A02E2E00477D3B /* Release */,
			);
			defaultConfigurationIsVisible = 0;
			defaultConfigurationName = Release;
		};
		20C99BA419A02E2E00477D3B /* Build configuration list for PBXNativeTarget "Timer" */ = {
			isa = XCConfigurationList;
			buildConfigurations = (
				20C99BA519A02E2E00477D3B /* Debug */,
				20C99BA619A02E2E00477D3B /* Release */,
			);
			defaultConfigurationIsVisible = 0;
			defaultConfigurationName = Release;
		};
		20C99BA719A02E2E00477D3B /* Build configuration list for PBXNativeTarget "TimerTests" */ = {
			isa = XCConfigurationList;
			buildConfigurations = (
				20C99BA819A02E2E00477D3B /* Debug */,
				20C99BA919A02E2E00477D3B /* Release */,
			);
			defaultConfigurationIsVisible = 0;
			defaultConfigurationName = Release;
		};
/* End XCConfigurationList section */
	};
	rootObject = 20C99B8019A02E2E00477D3B /* Project object */;
}
